
Microsoft Visual Studio Solution File, Format Version 12.00
# Visual Studio Version 16
VisualStudioVersion = 16.0.30114.105
MinimumVisualStudioVersion = 10.0.40219.1
Project("{FAE04EC0-301F-11D3-BF4B-00C04F79EFBC}") = "DotNet7Demos", "DotNet7Demos\DotNet7Demos.csproj", "{94E1B028-900E-479D-A3F4-622BA76AC64D}"
EndProject
Project("{FAE04EC0-301F-11D3-BF4B-00C04F79EFBC}") = "DotNet7DemosWeb", "DotNet7DemosWeb\DotNet7DemosWeb.csproj", "{4BF0FEBF-0139-4C24-8BF0-A734D5D65C9C}"
EndProject
Global
	GlobalSection(SolutionConfigurationPlatforms) = preSolution
		Debug|Any CPU = Debug|Any CPU
		Release|Any CPU = Release|Any CPU
	EndGlobalSection
	GlobalSection(SolutionProperties) = preSolution
		HideSolutionNode = FALSE
	EndGlobalSection
	GlobalSection(ProjectConfigurationPlatforms) = postSolution
		{94E1B028-900E-479D-A3F4-622BA76AC64D}.Debug|Any CPU.ActiveCfg = Debug|Any CPU
		{94E1B028-900E-479D-A3F4-622BA76AC64D}.Debug|Any CPU.Build.0 = Debug|Any CPU
		{94E1B028-900E-479D-A3F4-622BA76AC64D}.Release|Any CPU.ActiveCfg = Release|Any CPU
		{94E1B028-900E-479D-A3F4-622BA76AC64D}.Release|Any CPU.Build.0 = Release|Any CPU
		{4BF0FEBF-0139-4C24-8BF0-A734D5D65C9C}.Debug|Any CPU.ActiveCfg = Debug|Any CPU
		{4BF0FEBF-0139-4C24-8BF0-A734D5D65C9C}.Debug|Any CPU.Build.0 = Debug|Any CPU
		{4BF0FEBF-0139-4C24-8BF0-A734D5D65C9C}.Release|Any CPU.ActiveCfg = Release|Any CPU
		{4BF0FEBF-0139-4C24-8BF0-A734D5D65C9C}.Release|Any CPU.Build.0 = Release|Any CPU
	EndGlobalSection
EndGlobal
